<?xml version="1.0" encoding="utf-8"?>
<Project ToolsVersion="4.0" xmlns="http://schemas.microsoft.com/developer/msbuild/2003">
  <ItemGroup>
    <Filter Include="Common">
      <UniqueIdentifier>4f4d721a-dd9e-43eb-9429-48d630e319de</UniqueIdentifier>
    </Filter>
    <Filter Include="Assets">
      <UniqueIdentifier>f8e2c40f-5a05-4a51-a82b-a2db52cd8cfa</UniqueIdentifier>
      <Extensions>bmp;fbx;gif;jpg;jpeg;tga;tiff;tif;png</Extensions>
    </Filter>
    <Filter Include="Content">
      <UniqueIdentifier>772cb1fe-d9aa-42d6-b0ed-560aa26b9c58</UniqueIdentifier>
    </Filter>
    <FxCompile Include="Content\SamplePixelShader.hlsl">
      <Filter>Content</Filter>
    </FxCompile>
    <FxCompile Include="Content\SampleVertexShader.hlsl">
      <Filter>Content</Filter>
    </FxCompile>
    <Image Include="Assets\LockScreenLogo.scale-200.png">
      <Filter>Assets</Filter>
    </Image>
    <Image Include="Assets\SplashScreen.scale-200.png">
      <Filter>Assets</Filter>
    </Image>
    <Image Include="Assets\Square150x150Logo.scale-200.png">
      <Filter>Assets</Filter>
    </Image>
    <Image Include="Assets\Square44x44Logo.scale-200.png">
      <Filter>Assets</Filter>
    </Image>
    <Image Include="Assets\Square44x44Logo.targetsize-24_altform-unplated.png">
      <Filter>Assets</Filter>
    </Image>
    <Image Include="Assets\Wide310x150Logo.scale-200.png">
      <Filter>Assets</Filter>
    </Image>
  </ItemGroup>
  <ItemGroup>
    <Image Include="Assets\StoreLogo.png">
      <Filter>Assets</Filter>
    </Image>
    <Image Include="Diffuse_Knight_Cleansed.dds">
      <Filter>Assets</Filter>
    </Image>
    <Image Include="BStrongoli_D_Sword.dds">
      <Filter>Assets</Filter>
    </Image>
    <Image Include="TwoSwords.dds">
      <Filter>Assets</Filter>
    </Image>
    <Image Include="dragonknight_hr-wind.dds">
      <Filter>Assets</Filter>
    </Image>
    <Image Include="succubus-fire.dds">
      <Filter>Assets</Filter>
    </Image>
  </ItemGroup>
  <ItemGroup>
    <AppxManifest Include="Package.appxmanifest" />
  </ItemGroup>
  <ItemGroup>
    <None Include="GraphicsIIProject_TemporaryKey.pfx" />
    <None Include="testpyramid.obj" />
    <None Include="alien.obj" />
    <None Include="dragonknight.obj" />
    <None Include="dragonknight_hr-wind.obj" />
    <None Include="succubus-fire.obj" />
  </ItemGroup>
  <ItemGroup>
    <ClCompile Include="Common\DDSTextureLoader.cpp">
      <Filter>Common</Filter>
    </ClCompile>
    <ClCompile Include="Common\DeviceResources.cpp">
      <Filter>Common</Filter>
    </ClCompile>
    <ClCompile Include="Content\Sample3DSceneRenderer.cpp">
      <Filter>Content</Filter>
    </ClCompile>
    <ClCompile Include="Content\SampleFpsTextRenderer.cpp">
      <Filter>Content</Filter>
    </ClCompile>
    <ClCompile Include="App.cpp" />
    <ClCompile Include="DX11UWAMain.cpp" />
    <ClCompile Include="pch.cpp" />
    <ClCompile Include="Content\CubeRenderer.cpp">
      <Filter>Content</Filter>
    </ClCompile>
  </ItemGroup>
  <ItemGroup>
    <ClInclude Include="Common\DDSTextureLoader.h">
      <Filter>Common</Filter>
    </ClInclude>
    <ClInclude Include="Common\DeviceResources.h">
      <Filter>Common</Filter>
    </ClInclude>
    <ClInclude Include="Common\DirectXHelper.h">
      <Filter>Common</Filter>
    </ClInclude>
    <ClInclude Include="Common\StepTimer.h">
      <Filter>Common</Filter>
    </ClInclude>
    <ClInclude Include="Content\Sample3DSceneRenderer.h">
      <Filter>Content</Filter>
    </ClInclude>
    <ClInclude Include="Content\SampleFpsTextRenderer.h">
      <Filter>Content</Filter>
    </ClInclude>
    <ClInclude Include="Content\ShaderStructures.h">
      <Filter>Content</Filter>
    </ClInclude>
    <ClInclude Include="App.h" />
    <ClInclude Include="DX11UWAMain.h" />
    <ClInclude Include="pch.h" />
    <ClInclude Include="Diffuse_Knight_Cleansed.h" />
    <ClInclude Include="Content\CubeRenderer.h">
      <Filter>Content</Filter>
    </ClInclude>
  </ItemGroup>
</Project>